
Microsoft Visual Studio Solution File, Format Version 12.00
# Visual Studio Version 17
VisualStudioVersion = 17.14.36623.8 d17.14
MinimumVisualStudioVersion = 10.0.40219.1
Project("{FAE04EC0-301F-11D3-BF4B-00C04F79EFBC}") = "OOP", "OOP\OOP.csproj", "{0DD461D7-8C88-4DD7-960F-4D533E26C49B}"
EndProject
Global
	GlobalSection(SolutionConfigurationPlatforms) = preSolution
		Debug|Any CPU = Debug|Any CPU
		Release|Any CPU = Release|Any CPU
	EndGlobalSection
	GlobalSection(ProjectConfigurationPlatforms) = postSolution
		{0DD461D7-8C88-4DD7-960F-4D533E26C49B}.Debug|Any CPU.ActiveCfg = Debug|Any CPU
		{0DD461D7-8C88-4DD7-960F-4D533E26C49B}.Debug|Any CPU.Build.0 = Debug|Any CPU
		{0DD461D7-8C88-4DD7-960F-4D533E26C49B}.Release|Any CPU.ActiveCfg = Release|Any CPU
		{0DD461D7-8C88-4DD7-960F-4D533E26C49B}.Release|Any CPU.Build.0 = Release|Any CPU
	EndGlobalSection
	GlobalSection(SolutionProperties) = preSolution
		HideSolutionNode = FALSE
	EndGlobalSection
	GlobalSection(ExtensibilityGlobals) = postSolution
		SolutionGuid = {A98C09AC-F170-4C76-B621-05A820608DA0}
	EndGlobalSection
EndGlobal
